// !$*UTF8*$!
{
	archiveVersion = 1;
	classes = {
	};
	objectVersion = 46;
	objects = {

/* Begin PBXBuildFile section */
		C4A94320163EBBB200873780 /* blackButton.png in Resources */ = {isa = PBXBuildFile; fileRef = C4A9430A163EBBB200873780 /* blackButton.png */; };
		C4A94321163EBBB200873780 /* blackSquare1.png in Resources */ = {isa = PBXBuildFile; fileRef = C4A9430B163EBBB200873780 /* blackSquare1.png */; };
		C4A94322163EBBB200873780 /* blackSquare2.png in Resources */ = {isa = PBXBuildFile; fileRef = C4A9430C163EBBB200873780 /* blackSquare2.png */; };
		C4A94323163EBBB200873780 /* blackSquare3.png in Resources */ = {isa = PBXBuildFile; fileRef = C4A9430D163EBBB200873780 /* blackSquare3.png */; };
		C4A94324163EBBB200873780 /* blackSquare4.png in Resources */ = {isa = PBXBuildFile; fileRef = C4A9430E163EBBB200873780 /* blackSquare4.png */; };
		C4A94325163EBBB200873780 /* blackSquare5.png in Resources */ = {isa = PBXBuildFile; fileRef = C4A9430F163EBBB200873780 /* blackSquare5.png */; };
		C4A94326163EBBB200873780 /* blackSquare6.png in Resources */ = {isa = PBXBuildFile; fileRef = C4A94310163EBBB200873780 /* blackSquare6.png */; };
		C4A94327163EBBB200873780 /* blackSquare7.png in Resources */ = {isa = PBXBuildFile; fileRef = C4A94311163EBBB200873780 /* blackSquare7.png */; };
		C4A94328163EBBB200873780 /* blackSquare8.png in Resources */ = {isa = PBXBuildFile; fileRef = C4A94312163EBBB200873780 /* blackSquare8.png */; };
		C4A94329163EBBB200873780 /* blackSquare9.png in Resources */ = {isa = PBXBuildFile; fileRef = C4A94313163EBBB200873780 /* blackSquare9.png */; };
		C4A9432A163EBBB200873780 /* macBackGround.png in Resources */ = {isa = PBXBuildFile; fileRef = C4A94314163EBBB200873780 /* macBackGround.png */; };
		C4A9432B163EBBB200873780 /* whiteButton.png in Resources */ = {isa = PBXBuildFile; fileRef = C4A94315163EBBB200873780 /* whiteButton.png */; };
		C4A9432C163EBBB200873780 /* whiteSquare1.png in Resources */ = {isa = PBXBuildFile; fileRef = C4A94316163EBBB200873780 /* whiteSquare1.png */; };
		C4A9432D163EBBB200873780 /* whiteSquare2.png in Resources */ = {isa = PBXBuildFile; fileRef = C4A94317163EBBB200873780 /* whiteSquare2.png */; };
		C4A9432E163EBBB200873780 /* whiteSquare3.png in Resources */ = {isa = PBXBuildFile; fileRef = C4A94318163EBBB200873780 /* whiteSquare3.png */; };
		C4A9432F163EBBB200873780 /* whiteSquare4.png in Resources */ = {isa = PBXBuildFile; fileRef = C4A94319163EBBB200873780 /* whiteSquare4.png */; };
		C4A94330163EBBB200873780 /* whiteSquare5.png in Resources */ = {isa = PBXBuildFile; fileRef = C4A9431A163EBBB200873780 /* whiteSquare5.png */; };
		C4A94331163EBBB200873780 /* whiteSquare6.png in Resources */ = {isa = PBXBuildFile; fileRef = C4A9431B163EBBB200873780 /* whiteSquare6.png */; };
		C4A94332163EBBB200873780 /* whiteSquare7.png in Resources */ = {isa = PBXBuildFile; fileRef = C4A9431C163EBBB200873780 /* whiteSquare7.png */; };
		C4A94333163EBBB200873780 /* whiteSquare8.png in Resources */ = {isa = PBXBuildFile; fileRef = C4A9431D163EBBB200873780 /* whiteSquare8.png */; };
		C4A94334163EBBB200873780 /* whiteSquare9.png in Resources */ = {isa = PBXBuildFile; fileRef = C4A9431E163EBBB200873780 /* whiteSquare9.png */; };
		C4A94335163EBBB200873780 /* woodSquare.png in Resources */ = {isa = PBXBuildFile; fileRef = C4A9431F163EBBB200873780 /* woodSquare.png */; };
		C4EA7BDB163D93EC006F576A /* UIKit.framework in Frameworks */ = {isa = PBXBuildFile; fileRef = C4EA7BDA163D93EC006F576A /* UIKit.framework */; };
		C4EA7BDD163D93EC006F576A /* Foundation.framework in Frameworks */ = {isa = PBXBuildFile; fileRef = C4EA7BDC163D93EC006F576A /* Foundation.framework */; };
		C4EA7BDF163D93EC006F576A /* CoreGraphics.framework in Frameworks */ = {isa = PBXBuildFile; fileRef = C4EA7BDE163D93EC006F576A /* CoreGraphics.framework */; };
		C4EA7BE5163D93EC006F576A /* InfoPlist.strings in Resources */ = {isa = PBXBuildFile; fileRef = C4EA7BE3163D93EC006F576A /* InfoPlist.strings */; };
		C4EA7BE7163D93EC006F576A /* main.m in Sources */ = {isa = PBXBuildFile; fileRef = C4EA7BE6163D93EC006F576A /* main.m */; };
		C4EA7BEB163D93EC006F576A /* BFAppDelegate.m in Sources */ = {isa = PBXBuildFile; fileRef = C4EA7BEA163D93EC006F576A /* BFAppDelegate.m */; };
		C4EA7BED163D93EC006F576A /* Default.png in Resources */ = {isa = PBXBuildFile; fileRef = C4EA7BEC163D93EC006F576A /* Default.png */; };
		C4EA7BEF163D93EC006F576A /* Default@2x.png in Resources */ = {isa = PBXBuildFile; fileRef = C4EA7BEE163D93EC006F576A /* Default@2x.png */; };
		C4EA7BF1163D93EC006F576A /* Default-568h@2x.png in Resources */ = {isa = PBXBuildFile; fileRef = C4EA7BF0163D93EC006F576A /* Default-568h@2x.png */; };
		C4EA7BF4163D93ED006F576A /* BFViewController.m in Sources */ = {isa = PBXBuildFile; fileRef = C4EA7BF3163D93ED006F576A /* BFViewController.m */; };
		C4EA7BF7163D93ED006F576A /* BFViewController.xib in Resources */ = {isa = PBXBuildFile; fileRef = C4EA7BF5163D93ED006F576A /* BFViewController.xib */; };
/* End PBXBuildFile section */

/* Begin PBXFileReference section */
		C4A9430A163EBBB200873780 /* blackButton.png */ = {isa = PBXFileReference; lastKnownFileType = image.png; path = blackButton.png; sourceTree = "<group>"; };
		C4A9430B163EBBB200873780 /* blackSquare1.png */ = {isa = PBXFileReference; lastKnownFileType = image.png; path = blackSquare1.png; sourceTree = "<group>"; };
		C4A9430C163EBBB200873780 /* blackSquare2.png */ = {isa = PBXFileReference; lastKnownFileType = image.png; path = blackSquare2.png; sourceTree = "<group>"; };
		C4A9430D163EBBB200873780 /* blackSquare3.png */ = {isa = PBXFileReference; lastKnownFileType = image.png; path = blackSquare3.png; sourceTree = "<group>"; };
		C4A9430E163EBBB200873780 /* blackSquare4.png */ = {isa = PBXFileReference; lastKnownFileType = image.png; path = blackSquare4.png; sourceTree = "<group>"; };
		C4A9430F163EBBB200873780 /* blackSquare5.png */ = {isa = PBXFileReference; lastKnownFileType = image.png; path = blackSquare5.png; sourceTree = "<group>"; };
		C4A94310163EBBB200873780 /* blackSquare6.png */ = {isa = PBXFileReference; lastKnownFileType = image.png; path = blackSquare6.png; sourceTree = "<group>"; };
		C4A94311163EBBB200873780 /* blackSquare7.png */ = {isa = PBXFileReference; lastKnownFileType = image.png; path = blackSquare7.png; sourceTree = "<group>"; };
		C4A94312163EBBB200873780 /* blackSquare8.png */ = {isa = PBXFileReference; lastKnownFileType = image.png; path = blackSquare8.png; sourceTree = "<group>"; };
		C4A94313163EBBB200873780 /* blackSquare9.png */ = {isa = PBXFileReference; lastKnownFileType = image.png; path = blackSquare9.png; sourceTree = "<group>"; };
		C4A94314163EBBB200873780 /* macBackGround.png */ = {isa = PBXFileReference; lastKnownFileType = image.png; path = macBackGround.png; sourceTree = "<group>"; };
		C4A94315163EBBB200873780 /* whiteButton.png */ = {isa = PBXFileReference; lastKnownFileType = image.png; path = whiteButton.png; sourceTree = "<group>"; };
		C4A94316163EBBB200873780 /* whiteSquare1.png */ = {isa = PBXFileReference; lastKnownFileType = image.png; path = whiteSquare1.png; sourceTree = "<group>"; };
		C4A94317163EBBB200873780 /* whiteSquare2.png */ = {isa = PBXFileReference; lastKnownFileType = image.png; path = whiteSquare2.png; sourceTree = "<group>"; };
		C4A94318163EBBB200873780 /* whiteSquare3.png */ = {isa = PBXFileReference; lastKnownFileType = image.png; path = whiteSquare3.png; sourceTree = "<group>"; };
		C4A94319163EBBB200873780 /* whiteSquare4.png */ = {isa = PBXFileReference; lastKnownFileType = image.png; path = whiteSquare4.png; sourceTree = "<group>"; };
		C4A9431A163EBBB200873780 /* whiteSquare5.png */ = {isa = PBXFileReference; lastKnownFileType = image.png; path = whiteSquare5.png; sourceTree = "<group>"; };
		C4A9431B163EBBB200873780 /* whiteSquare6.png */ = {isa = PBXFileReference; lastKnownFileType = image.png; path = whiteSquare6.png; sourceTree = "<group>"; };
		C4A9431C163EBBB200873780 /* whiteSquare7.png */ = {isa = PBXFileReference; lastKnownFileType = image.png; path = whiteSquare7.png; sourceTree = "<group>"; };
		C4A9431D163EBBB200873780 /* whiteSquare8.png */ = {isa = PBXFileReference; lastKnownFileType = image.png; path = whiteSquare8.png; sourceTree = "<group>"; };
		C4A9431E163EBBB200873780 /* whiteSquare9.png */ = {isa = PBXFileReference; lastKnownFileType = image.png; path = whiteSquare9.png; sourceTree = "<group>"; };
		C4A9431F163EBBB200873780 /* woodSquare.png */ = {isa = PBXFileReference; lastKnownFileType = image.png; path = woodSquare.png; sourceTree = "<group>"; };
		C4EA7BD6163D93EC006F576A /* SixBeans.app */ = {isa = PBXFileReference; explicitFileType = wrapper.application; includeInIndex = 0; path = SixBeans.app; sourceTree = BUILT_PRODUCTS_DIR; };
		C4EA7BDA163D93EC006F576A /* UIKit.framework */ = {isa = PBXFileReference; lastKnownFileType = wrapper.framework; name = UIKit.framework; path = System/Library/Frameworks/UIKit.framework; sourceTree = SDKROOT; };
		C4EA7BDC163D93EC006F576A /* Foundation.framework */ = {isa = PBXFileReference; lastKnownFileType = wrapper.framework; name = Foundation.framework; path = System/Library/Frameworks/Foundation.framework; sourceTree = SDKROOT; };
		C4EA7BDE163D93EC006F576A /* CoreGraphics.framework */ = {isa = PBXFileReference; lastKnownFileType = wrapper.framework; name = CoreGraphics.framework; path = System/Library/Frameworks/CoreGraphics.framework; sourceTree = SDKROOT; };
		C4EA7BE2163D93EC006F576A /* SixBeans-Info.plist */ = {isa = PBXFileReference; lastKnownFileType = text.plist.xml; path = "SixBeans-Info.plist"; sourceTree = "<group>"; };
		C4EA7BE4163D93EC006F576A /* en */ = {isa = PBXFileReference; lastKnownFileType = text.plist.strings; name = en; path = en.lproj/InfoPlist.strings; sourceTree = "<group>"; };
		C4EA7BE6163D93EC006F576A /* main.m */ = {isa = PBXFileReference; lastKnownFileType = sourcecode.c.objc; path = main.m; sourceTree = "<group>"; };
		C4EA7BE8163D93EC006F576A /* SixBeans-Prefix.pch */ = {isa = PBXFileReference; lastKnownFileType = sourcecode.c.h; path = "SixBeans-Prefix.pch"; sourceTree = "<group>"; };
		C4EA7BE9163D93EC006F576A /* BFAppDelegate.h */ = {isa = PBXFileReference; lastKnownFileType = sourcecode.c.h; path = BFAppDelegate.h; sourceTree = "<group>"; };
		C4EA7BEA163D93EC006F576A /* BFAppDelegate.m */ = {isa = PBXFileReference; lastKnownFileType = sourcecode.c.objc; path = BFAppDelegate.m; sourceTree = "<group>"; };
		C4EA7BEC163D93EC006F576A /* Default.png */ = {isa = PBXFileReference; lastKnownFileType = image.png; path = Default.png; sourceTree = "<group>"; };
		C4EA7BEE163D93EC006F576A /* Default@2x.png */ = {isa = PBXFileReference; lastKnownFileType = image.png; path = "Default@2x.png"; sourceTree = "<group>"; };
		C4EA7BF0163D93EC006F576A /* Default-568h@2x.png */ = {isa = PBXFileReference; lastKnownFileType = image.png; path = "Default-568h@2x.png"; sourceTree = "<group>"; };
		C4EA7BF2163D93EC006F576A /* BFViewController.h */ = {isa = PBXFileReference; lastKnownFileType = sourcecode.c.h; path = BFViewController.h; sourceTree = "<group>"; };
		C4EA7BF3163D93ED006F576A /* BFViewController.m */ = {isa = PBXFileReference; lastKnownFileType = sourcecode.c.objc; path = BFViewController.m; sourceTree = "<group>"; };
		C4EA7BF6163D93ED006F576A /* en */ = {isa = PBXFileReference; lastKnownFileType = file.xib; name = en; path = en.lproj/BFViewController.xib; sourceTree = "<group>"; };
/* End PBXFileReference section */

/* Begin PBXFrameworksBuildPhase section */
		C4EA7BD3163D93EC006F576A /* Frameworks */ = {
			isa = PBXFrameworksBuildPhase;
			buildActionMask = 2147483647;
			files = (
				C4EA7BDB163D93EC006F576A /* UIKit.framework in Frameworks */,
				C4EA7BDD163D93EC006F576A /* Foundation.framework in Frameworks */,
				C4EA7BDF163D93EC006F576A /* CoreGraphics.framework in Frameworks */,
			);
			runOnlyForDeploymentPostprocessing = 0;
		};
/* End PBXFrameworksBuildPhase section */

/* Begin PBXGroup section */
		C4A94308163EBBA200873780 /* images */ = {
			isa = PBXGroup;
			children = (
				C4A9430A163EBBB200873780 /* blackButton.png */,
				C4A9430B163EBBB200873780 /* blackSquare1.png */,
				C4A9430C163EBBB200873780 /* blackSquare2.png */,
				C4A9430D163EBBB200873780 /* blackSquare3.png */,
				C4A9430E163EBBB200873780 /* blackSquare4.png */,
				C4A9430F163EBBB200873780 /* blackSquare5.png */,
				C4A94310163EBBB200873780 /* blackSquare6.png */,
				C4A94311163EBBB200873780 /* blackSquare7.png */,
				C4A94312163EBBB200873780 /* blackSquare8.png */,
				C4A94313163EBBB200873780 /* blackSquare9.png */,
				C4A94314163EBBB200873780 /* macBackGround.png */,
				C4A94315163EBBB200873780 /* whiteButton.png */,
				C4A94316163EBBB200873780 /* whiteSquare1.png */,
				C4A94317163EBBB200873780 /* whiteSquare2.png */,
				C4A94318163EBBB200873780 /* whiteSquare3.png */,
				C4A94319163EBBB200873780 /* whiteSquare4.png */,
				C4A9431A163EBBB200873780 /* whiteSquare5.png */,
				C4A9431B163EBBB200873780 /* whiteSquare6.png */,
				C4A9431C163EBBB200873780 /* whiteSquare7.png */,
				C4A9431D163EBBB200873780 /* whiteSquare8.png */,
				C4A9431E163EBBB200873780 /* whiteSquare9.png */,
				C4A9431F163EBBB200873780 /* woodSquare.png */,
			);
			name = images;
			sourceTree = "<group>";
		};
		C4EA7BCB163D93EC006F576A = {
			isa = PBXGroup;
			children = (
				C4EA7BE0163D93EC006F576A /* SixBeans */,
				C4EA7BD9163D93EC006F576A /* Frameworks */,
				C4EA7BD7163D93EC006F576A /* Products */,
			);
			sourceTree = "<group>";
		};
		C4EA7BD7163D93EC006F576A /* Products */ = {
			isa = PBXGroup;
			children = (
				C4EA7BD6163D93EC006F576A /* SixBeans.app */,
			);
			name = Products;
			sourceTree = "<group>";
		};
		C4EA7BD9163D93EC006F576A /* Frameworks */ = {
			isa = PBXGroup;
			children = (
				C4EA7BDA163D93EC006F576A /* UIKit.framework */,
				C4EA7BDC163D93EC006F576A /* Foundation.framework */,
				C4EA7BDE163D93EC006F576A /* CoreGraphics.framework */,
			);
			name = Frameworks;
			sourceTree = "<group>";
		};
		C4EA7BE0163D93EC006F576A /* SixBeans */ = {
			isa = PBXGroup;
			children = (
				C4EA7BE9163D93EC006F576A /* BFAppDelegate.h */,
				C4EA7BEA163D93EC006F576A /* BFAppDelegate.m */,
				C4EA7BF2163D93EC006F576A /* BFViewController.h */,
				C4EA7BF3163D93ED006F576A /* BFViewController.m */,
				C4EA7BF5163D93ED006F576A /* BFViewController.xib */,
				C4EA7BE1163D93EC006F576A /* Supporting Files */,
			);
			path = SixBeans;
			sourceTree = "<group>";
		};
		C4EA7BE1163D93EC006F576A /* Supporting Files */ = {
			isa = PBXGroup;
			children = (
				C4A94308163EBBA200873780 /* images */,
				C4EA7BE2163D93EC006F576A /* SixBeans-Info.plist */,
				C4EA7BE3163D93EC006F576A /* InfoPlist.strings */,
				C4EA7BE6163D93EC006F576A /* main.m */,
				C4EA7BE8163D93EC006F576A /* SixBeans-Prefix.pch */,
				C4EA7BEC163D93EC006F576A /* Default.png */,
				C4EA7BEE163D93EC006F576A /* Default@2x.png */,
				C4EA7BF0163D93EC006F576A /* Default-568h@2x.png */,
			);
			name = "Supporting Files";
			sourceTree = "<group>";
		};
/* End PBXGroup section */

/* Begin PBXNativeTarget section */
		C4EA7BD5163D93EC006F576A /* SixBeans */ = {
			isa = PBXNativeTarget;
			buildConfigurationList = C4EA7BFA163D93ED006F576A /* Build configuration list for PBXNativeTarget "SixBeans" */;
			buildPhases = (
				C4EA7BD2163D93EC006F576A /* Sources */,
				C4EA7BD3163D93EC006F576A /* Frameworks */,
				C4EA7BD4163D93EC006F576A /* Resources */,
			);
			buildRules = (
			);
			dependencies = (
			);
			name = SixBeans;
			productName = SixBeans;
			productReference = C4EA7BD6163D93EC006F576A /* SixBeans.app */;
			productType = "com.apple.product-type.application";
		};
/* End PBXNativeTarget section */

/* Begin PBXProject section */
		C4EA7BCD163D93EC006F576A /* Project object */ = {
			isa = PBXProject;
			attributes = {
				CLASSPREFIX = BF;
				LastUpgradeCheck = 0450;
				ORGANIZATIONNAME = "Eliot Arntz";
			};
			buildConfigurationList = C4EA7BD0163D93EC006F576A /* Build configuration list for PBXProject "SixBeans" */;
			compatibilityVersion = "Xcode 3.2";
			developmentRegion = English;
			hasScannedForEncodings = 0;
			knownRegions = (
				en,
			);
			mainGroup = C4EA7BCB163D93EC006F576A;
			productRefGroup = C4EA7BD7163D93EC006F576A /* Products */;
			projectDirPath = "";
			projectRoot = "";
			targets = (
				C4EA7BD5163D93EC006F576A /* SixBeans */,
			);
		};
/* End PBXProject section */

/* Begin PBXResourcesBuildPhase section */
		C4EA7BD4163D93EC006F576A /* Resources */ = {
			isa = PBXResourcesBuildPhase;
			buildActionMask = 2147483647;
			files = (
				C4EA7BE5163D93EC006F576A /* InfoPlist.strings in Resources */,
				C4EA7BED163D93EC006F576A /* Default.png in Resources */,
				C4EA7BEF163D93EC006F576A /* Default@2x.png in Resources */,
				C4EA7BF1163D93EC006F576A /* Default-568h@2x.png in Resources */,
				C4EA7BF7163D93ED006F576A /* BFViewController.xib in Resources */,
				C4A94320163EBBB200873780 /* blackButton.png in Resources */,
				C4A94321163EBBB200873780 /* blackSquare1.png in Resources */,
				C4A94322163EBBB200873780 /* blackSquare2.png in Resources */,
				C4A94323163EBBB200873780 /* blackSquare3.png in Resources */,
				C4A94324163EBBB200873780 /* blackSquare4.png in Resources */,
				C4A94325163EBBB200873780 /* blackSquare5.png in Resources */,
				C4A94326163EBBB200873780 /* blackSquare6.png in Resources */,
				C4A94327163EBBB200873780 /* blackSquare7.png in Resources */,
				C4A94328163EBBB200873780 /* blackSquare8.png in Resources */,
				C4A94329163EBBB200873780 /* blackSquare9.png in Resources */,
				C4A9432A163EBBB200873780 /* macBackGround.png in Resources */,
				C4A9432B163EBBB200873780 /* whiteButton.png in Resources */,
				C4A9432C163EBBB200873780 /* whiteSquare1.png in Resources */,
				C4A9432D163EBBB200873780 /* whiteSquare2.png in Resources */,
				C4A9432E163EBBB200873780 /* whiteSquare3.png in Resources */,
				C4A9432F163EBBB200873780 /* whiteSquare4.png in Resources */,
				C4A94330163EBBB200873780 /* whiteSquare5.png in Resources */,
				C4A94331163EBBB200873780 /* whiteSquare6.png in Resources */,
				C4A94332163EBBB200873780 /* whiteSquare7.png in Resources */,
				C4A94333163EBBB200873780 /* whiteSquare8.png in Resources */,
				C4A94334163EBBB200873780 /* whiteSquare9.png in Resources */,
				C4A94335163EBBB200873780 /* woodSquare.png in Resources */,
			);
			runOnlyForDeploymentPostprocessing = 0;
		};
/* End PBXResourcesBuildPhase section */

/* Begin PBXSourcesBuildPhase section */
		C4EA7BD2163D93EC006F576A /* Sources */ = {
			isa = PBXSourcesBuildPhase;
			buildActionMask = 2147483647;
			files = (
				C4EA7BE7163D93EC006F576A /* main.m in Sources */,
				C4EA7BEB163D93EC006F576A /* BFAppDelegate.m in Sources */,
				C4EA7BF4163D93ED006F576A /* BFViewController.m in Sources */,
			);
			runOnlyForDeploymentPostprocessing = 0;
		};
/* End PBXSourcesBuildPhase section */

/* Begin PBXVariantGroup section */
		C4EA7BE3163D93EC006F576A /* InfoPlist.strings */ = {
			isa = PBXVariantGroup;
			children = (
				C4EA7BE4163D93EC006F576A /* en */,
			);
			name = InfoPlist.strings;
			sourceTree = "<group>";
		};
		C4EA7BF5163D93ED006F576A /* BFViewController.xib */ = {
			isa = PBXVariantGroup;
			children = (
				C4EA7BF6163D93ED006F576A /* en */,
			);
			name = BFViewController.xib;
			sourceTree = "<group>";
		};
/* End PBXVariantGroup section */

/* Begin XCBuildConfiguration section */
		C4EA7BF8163D93ED006F576A /* Debug */ = {
			isa = XCBuildConfiguration;
			buildSettings = {
				ALWAYS_SEARCH_USER_PATHS = NO;
				CLANG_CXX_LANGUAGE_STANDARD = "gnu++0x";
				CLANG_CXX_LIBRARY = "libc++";
				CLANG_ENABLE_OBJC_ARC = YES;
				CLANG_WARN_EMPTY_BODY = YES;
				CLANG_WARN__DUPLICATE_METHOD_MATCH = YES;
				"CODE_SIGN_IDENTITY[sdk=iphoneos*]" = "iPhone Developer";
				COPY_PHASE_STRIP = NO;
				GCC_C_LANGUAGE_STANDARD = gnu99;
				GCC_DYNAMIC_NO_PIC = NO;
				GCC_OPTIMIZATION_LEVEL = 0;
				GCC_PREPROCESSOR_DEFINITIONS = (
					"DEBUG=1",
					"$(inherited)",
				);
				GCC_SYMBOLS_PRIVATE_EXTERN = NO;
				GCC_WARN_ABOUT_RETURN_TYPE = YES;
				GCC_WARN_UNINITIALIZED_AUTOS = YES;
				GCC_WARN_UNUSED_VARIABLE = YES;
				IPHONEOS_DEPLOYMENT_TARGET = 6.0;
				ONLY_ACTIVE_ARCH = YES;
				SDKROOT = iphoneos;
			};
			name = Debug;
		};
		C4EA7BF9163D93ED006F576A /* Release */ = {
			isa = XCBuildConfiguration;
			buildSettings = {
				ALWAYS_SEARCH_USER_PATHS = NO;
				CLANG_CXX_LANGUAGE_STANDARD = "gnu++0x";
				CLANG_CXX_LIBRARY = "libc++";
				CLANG_ENABLE_OBJC_ARC = YES;
				CLANG_WARN_EMPTY_BODY = YES;
				CLANG_WARN__DUPLICATE_METHOD_MATCH = YES;
				"CODE_SIGN_IDENTITY[sdk=iphoneos*]" = "iPhone Developer";
				COPY_PHASE_STRIP = YES;
				GCC_C_LANGUAGE_STANDARD = gnu99;
				GCC_WARN_ABOUT_RETURN_TYPE = YES;
				GCC_WARN_UNINITIALIZED_AUTOS = YES;
				GCC_WARN_UNUSED_VARIABLE = YES;
				IPHONEOS_DEPLOYMENT_TARGET = 6.0;
				OTHER_CFLAGS = "-DNS_BLOCK_ASSERTIONS=1";
				SDKROOT = iphoneos;
				VALIDATE_PRODUCT = YES;
			};
			name = Release;
		};
		C4EA7BFB163D93ED006F576A /* Debug */ = {
			isa = XCBuildConfiguration;
			buildSettings = {
				GCC_PRECOMPILE_PREFIX_HEADER = YES;
				GCC_PREFIX_HEADER = "SixBeans/SixBeans-Prefix.pch";
				INFOPLIST_FILE = "SixBeans/SixBeans-Info.plist";
				PRODUCT_NAME = "$(TARGET_NAME)";
				WRAPPER_EXTENSION = app;
			};
			name = Debug;
		};
		C4EA7BFC163D93ED006F576A /* Release */ = {
			isa = XCBuildConfiguration;
			buildSettings = {
				GCC_PRECOMPILE_PREFIX_HEADER = YES;
				GCC_PREFIX_HEADER = "SixBeans/SixBeans-Prefix.pch";
				INFOPLIST_FILE = "SixBeans/SixBeans-Info.plist";
				PRODUCT_NAME = "$(TARGET_NAME)";
				WRAPPER_EXTENSION = app;
			};
			name = Release;
		};
/* End XCBuildConfiguration section */

/* Begin XCConfigurationList section */
		C4EA7BD0163D93EC006F576A /* Build configuration list for PBXProject "SixBeans" */ = {
			isa = XCConfigurationList;
			buildConfigurations = (
				C4EA7BF8163D93ED006F576A /* Debug */,
				C4EA7BF9163D93ED006F576A /* Release */,
			);
			defaultConfigurationIsVisible = 0;
			defaultConfigurationName = Release;
		};
		C4EA7BFA163D93ED006F576A /* Build configuration list for PBXNativeTarget "SixBeans" */ = {
			isa = XCConfigurationList;
			buildConfigurations = (
				C4EA7BFB163D93ED006F576A /* Debug */,
				C4EA7BFC163D93ED006F576A /* Release */,
			);
			defaultConfigurationIsVisible = 0;
			defaultConfigurationName = Release;
		};
/* End XCConfigurationList section */
	};
	rootObject = C4EA7BCD163D93EC006F576A /* Project object */;
}
